// !$*UTF8*$!
{
	archiveVersion = 1;
	classes = {
	};
	objectVersion = 50;
	objects = {

/* Begin PBXBuildFile section */
		034A4CF52428CC04008500F1 /* chilkoottrail.jpg in Resources */ = {isa = PBXBuildFile; fileRef = 034A4CE52428CC03008500F1 /* chilkoottrail.jpg */; };
		034A4CF62428CC04008500F1 /* chincoteague.jpg in Resources */ = {isa = PBXBuildFile; fileRef = 034A4CE62428CC03008500F1 /* chincoteague.jpg */; };
		034A4CF72428CC04008500F1 /* hiddenlake.jpg in Resources */ = {isa = PBXBuildFile; fileRef = 034A4CE72428CC03008500F1 /* hiddenlake.jpg */; };
		034A4CF82428CC04008500F1 /* icybay.jpg in Resources */ = {isa = PBXBuildFile; fileRef = 034A4CE82428CC03008500F1 /* icybay.jpg */; };
		034A4CF92428CC04008500F1 /* lakemcdonald.jpg in Resources */ = {isa = PBXBuildFile; fileRef = 034A4CE92428CC03008500F1 /* lakemcdonald.jpg */; };
		034A4CFA2428CC04008500F1 /* landmarkData.json in Resources */ = {isa = PBXBuildFile; fileRef = 034A4CEA2428CC03008500F1 /* landmarkData.json */; };
		034A4CFB2428CC04008500F1 /* rainbowlake.jpg in Resources */ = {isa = PBXBuildFile; fileRef = 034A4CEB2428CC03008500F1 /* rainbowlake.jpg */; };
		034A4CFC2428CC04008500F1 /* silversalmoncreek.jpg in Resources */ = {isa = PBXBuildFile; fileRef = 034A4CEC2428CC03008500F1 /* silversalmoncreek.jpg */; };
		034A4CFD2428CC04008500F1 /* stmarylake.jpg in Resources */ = {isa = PBXBuildFile; fileRef = 034A4CED2428CC03008500F1 /* stmarylake.jpg */; };
		034A4CFE2428CC04008500F1 /* turtlerock.jpg in Resources */ = {isa = PBXBuildFile; fileRef = 034A4CEE2428CC03008500F1 /* turtlerock.jpg */; };
		034A4CFF2428CC04008500F1 /* twinlake.jpg in Resources */ = {isa = PBXBuildFile; fileRef = 034A4CEF2428CC03008500F1 /* twinlake.jpg */; };
		034A4D002428CC04008500F1 /* umbagog.jpg in Resources */ = {isa = PBXBuildFile; fileRef = 034A4CF02428CC03008500F1 /* umbagog.jpg */; };
		034A4D012428CC04008500F1 /* yukon_charleyrivers.jpg in Resources */ = {isa = PBXBuildFile; fileRef = 034A4CF12428CC03008500F1 /* yukon_charleyrivers.jpg */; };
		034A4D022428CC04008500F1 /* Data.swift in Sources */ = {isa = PBXBuildFile; fileRef = 034A4CF32428CC04008500F1 /* Data.swift */; };
		034A4D032428CC04008500F1 /* Landmark.swift in Sources */ = {isa = PBXBuildFile; fileRef = 034A4CF42428CC04008500F1 /* Landmark.swift */; };
		034A4D052428D135008500F1 /* LankmarkRow.swift in Sources */ = {isa = PBXBuildFile; fileRef = 034A4D042428D135008500F1 /* LankmarkRow.swift */; };
		034A4D072428D98D008500F1 /* LandmarkList.swift in Sources */ = {isa = PBXBuildFile; fileRef = 034A4D062428D98D008500F1 /* LandmarkList.swift */; };
		03985A5A241F8E8E00BFDC00 /* AppDelegate.swift in Sources */ = {isa = PBXBuildFile; fileRef = 03985A59241F8E8E00BFDC00 /* AppDelegate.swift */; };
		03985A5C241F8E8E00BFDC00 /* SceneDelegate.swift in Sources */ = {isa = PBXBuildFile; fileRef = 03985A5B241F8E8E00BFDC00 /* SceneDelegate.swift */; };
		03985A5E241F8E8E00BFDC00 /* LandmarkDetail.swift in Sources */ = {isa = PBXBuildFile; fileRef = 03985A5D241F8E8E00BFDC00 /* LandmarkDetail.swift */; };
		03985A60241F8E8E00BFDC00 /* Assets.xcassets in Resources */ = {isa = PBXBuildFile; fileRef = 03985A5F241F8E8E00BFDC00 /* Assets.xcassets */; };
		03985A63241F8E8E00BFDC00 /* Preview Assets.xcassets in Resources */ = {isa = PBXBuildFile; fileRef = 03985A62241F8E8E00BFDC00 /* Preview Assets.xcassets */; };
		03985A66241F8E8F00BFDC00 /* LaunchScreen.storyboard in Resources */ = {isa = PBXBuildFile; fileRef = 03985A64241F8E8E00BFDC00 /* LaunchScreen.storyboard */; };
		03985A6E241F995C00BFDC00 /* Circleimage.swift in Sources */ = {isa = PBXBuildFile; fileRef = 03985A6D241F995C00BFDC00 /* Circleimage.swift */; };
		03985A72241FA2E400BFDC00 /* MapView.swift in Sources */ = {isa = PBXBuildFile; fileRef = 03985A71241FA2E400BFDC00 /* MapView.swift */; };
/* End PBXBuildFile section */

/* Begin PBXFileReference section */
		034A4CE52428CC03008500F1 /* chilkoottrail.jpg */ = {isa = PBXFileReference; lastKnownFileType = image.jpeg; path = chilkoottrail.jpg; sourceTree = "<group>"; };
		034A4CE62428CC03008500F1 /* chincoteague.jpg */ = {isa = PBXFileReference; lastKnownFileType = image.jpeg; path = chincoteague.jpg; sourceTree = "<group>"; };
		034A4CE72428CC03008500F1 /* hiddenlake.jpg */ = {isa = PBXFileReference; lastKnownFileType = image.jpeg; path = hiddenlake.jpg; sourceTree = "<group>"; };
		034A4CE82428CC03008500F1 /* icybay.jpg */ = {isa = PBXFileReference; lastKnownFileType = image.jpeg; path = icybay.jpg; sourceTree = "<group>"; };
		034A4CE92428CC03008500F1 /* lakemcdonald.jpg */ = {isa = PBXFileReference; lastKnownFileType = image.jpeg; path = lakemcdonald.jpg; sourceTree = "<group>"; };
		034A4CEA2428CC03008500F1 /* landmarkData.json */ = {isa = PBXFileReference; fileEncoding = 4; lastKnownFileType = text.json; path = landmarkData.json; sourceTree = "<group>"; };
		034A4CEB2428CC03008500F1 /* rainbowlake.jpg */ = {isa = PBXFileReference; lastKnownFileType = image.jpeg; path = rainbowlake.jpg; sourceTree = "<group>"; };
		034A4CEC2428CC03008500F1 /* silversalmoncreek.jpg */ = {isa = PBXFileReference; lastKnownFileType = image.jpeg; path = silversalmoncreek.jpg; sourceTree = "<group>"; };
		034A4CED2428CC03008500F1 /* stmarylake.jpg */ = {isa = PBXFileReference; lastKnownFileType = image.jpeg; path = stmarylake.jpg; sourceTree = "<group>"; };
		034A4CEE2428CC03008500F1 /* turtlerock.jpg */ = {isa = PBXFileReference; lastKnownFileType = image.jpeg; path = turtlerock.jpg; sourceTree = "<group>"; };
		034A4CEF2428CC03008500F1 /* twinlake.jpg */ = {isa = PBXFileReference; lastKnownFileType = image.jpeg; path = twinlake.jpg; sourceTree = "<group>"; };
		034A4CF02428CC03008500F1 /* umbagog.jpg */ = {isa = PBXFileReference; lastKnownFileType = image.jpeg; path = umbagog.jpg; sourceTree = "<group>"; };
		034A4CF12428CC03008500F1 /* yukon_charleyrivers.jpg */ = {isa = PBXFileReference; lastKnownFileType = image.jpeg; path = yukon_charleyrivers.jpg; sourceTree = "<group>"; };
		034A4CF32428CC04008500F1 /* Data.swift */ = {isa = PBXFileReference; fileEncoding = 4; lastKnownFileType = sourcecode.swift; path = Data.swift; sourceTree = "<group>"; };
		034A4CF42428CC04008500F1 /* Landmark.swift */ = {isa = PBXFileReference; fileEncoding = 4; lastKnownFileType = sourcecode.swift; path = Landmark.swift; sourceTree = "<group>"; };
		034A4D042428D135008500F1 /* LankmarkRow.swift */ = {isa = PBXFileReference; lastKnownFileType = sourcecode.swift; path = LankmarkRow.swift; sourceTree = "<group>"; };
		034A4D062428D98D008500F1 /* LandmarkList.swift */ = {isa = PBXFileReference; lastKnownFileType = sourcecode.swift; path = LandmarkList.swift; sourceTree = "<group>"; };
		03985A56241F8E8E00BFDC00 /* landmarks.app */ = {isa = PBXFileReference; explicitFileType = wrapper.application; includeInIndex = 0; path = landmarks.app; sourceTree = BUILT_PRODUCTS_DIR; };
		03985A59241F8E8E00BFDC00 /* AppDelegate.swift */ = {isa = PBXFileReference; lastKnownFileType = sourcecode.swift; path = AppDelegate.swift; sourceTree = "<group>"; };
		03985A5B241F8E8E00BFDC00 /* SceneDelegate.swift */ = {isa = PBXFileReference; lastKnownFileType = sourcecode.swift; path = SceneDelegate.swift; sourceTree = "<group>"; };
		03985A5D241F8E8E00BFDC00 /* LandmarkDetail.swift */ = {isa = PBXFileReference; lastKnownFileType = sourcecode.swift; path = LandmarkDetail.swift; sourceTree = "<group>"; };
		03985A5F241F8E8E00BFDC00 /* Assets.xcassets */ = {isa = PBXFileReference; lastKnownFileType = folder.assetcatalog; path = Assets.xcassets; sourceTree = "<group>"; };
		03985A62241F8E8E00BFDC00 /* Preview Assets.xcassets */ = {isa = PBXFileReference; lastKnownFileType = folder.assetcatalog; path = "Preview Assets.xcassets"; sourceTree = "<group>"; };
		03985A65241F8E8E00BFDC00 /* Base */ = {isa = PBXFileReference; lastKnownFileType = file.storyboard; name = Base; path = Base.lproj/LaunchScreen.storyboard; sourceTree = "<group>"; };
		03985A67241F8E8F00BFDC00 /* Info.plist */ = {isa = PBXFileReference; lastKnownFileType = text.plist.xml; path = Info.plist; sourceTree = "<group>"; };
		03985A6D241F995C00BFDC00 /* Circleimage.swift */ = {isa = PBXFileReference; lastKnownFileType = sourcecode.swift; path = Circleimage.swift; sourceTree = "<group>"; };
		03985A71241FA2E400BFDC00 /* MapView.swift */ = {isa = PBXFileReference; lastKnownFileType = sourcecode.swift; path = MapView.swift; sourceTree = "<group>"; };
/* End PBXFileReference section */

/* Begin PBXFrameworksBuildPhase section */
		03985A53241F8E8E00BFDC00 /* Frameworks */ = {
			isa = PBXFrameworksBuildPhase;
			buildActionMask = 2147483647;
			files = (
			);
			runOnlyForDeploymentPostprocessing = 0;
		};
/* End PBXFrameworksBuildPhase section */

/* Begin PBXGroup section */
		034A4CE42428CC03008500F1 /* Resources */ = {
			isa = PBXGroup;
			children = (
				034A4CE52428CC03008500F1 /* chilkoottrail.jpg */,
				034A4CE62428CC03008500F1 /* chincoteague.jpg */,
				034A4CE72428CC03008500F1 /* hiddenlake.jpg */,
				034A4CE82428CC03008500F1 /* icybay.jpg */,
				034A4CE92428CC03008500F1 /* lakemcdonald.jpg */,
				034A4CEA2428CC03008500F1 /* landmarkData.json */,
				034A4CEB2428CC03008500F1 /* rainbowlake.jpg */,
				034A4CEC2428CC03008500F1 /* silversalmoncreek.jpg */,
				034A4CED2428CC03008500F1 /* stmarylake.jpg */,
				034A4CEE2428CC03008500F1 /* turtlerock.jpg */,
				034A4CEF2428CC03008500F1 /* twinlake.jpg */,
				034A4CF02428CC03008500F1 /* umbagog.jpg */,
				034A4CF12428CC03008500F1 /* yukon_charleyrivers.jpg */,
			);
			path = Resources;
			sourceTree = "<group>";
		};
		034A4CF22428CC04008500F1 /* Models */ = {
			isa = PBXGroup;
			children = (
				034A4CF32428CC04008500F1 /* Data.swift */,
				034A4CF42428CC04008500F1 /* Landmark.swift */,
			);
			path = Models;
			sourceTree = "<group>";
		};
		03985A4D241F8E8E00BFDC00 = {
			isa = PBXGroup;
			children = (
				03985A71241FA2E400BFDC00 /* MapView.swift */,
				03985A58241F8E8E00BFDC00 /* landmarks */,
				03985A57241F8E8E00BFDC00 /* Products */,
			);
			sourceTree = "<group>";
		};
		03985A57241F8E8E00BFDC00 /* Products */ = {
			isa = PBXGroup;
			children = (
				03985A56241F8E8E00BFDC00 /* landmarks.app */,
			);
			name = Products;
			sourceTree = "<group>";
		};
		03985A58241F8E8E00BFDC00 /* landmarks */ = {
			isa = PBXGroup;
			children = (
				034A4CF22428CC04008500F1 /* Models */,
				034A4CE42428CC03008500F1 /* Resources */,
				03985A59241F8E8E00BFDC00 /* AppDelegate.swift */,
				03985A5B241F8E8E00BFDC00 /* SceneDelegate.swift */,
				03985A5D241F8E8E00BFDC00 /* LandmarkDetail.swift */,
				034A4D042428D135008500F1 /* LankmarkRow.swift */,
				034A4D062428D98D008500F1 /* LandmarkList.swift */,
				03985A6D241F995C00BFDC00 /* Circleimage.swift */,
				03985A5F241F8E8E00BFDC00 /* Assets.xcassets */,
				03985A64241F8E8E00BFDC00 /* LaunchScreen.storyboard */,
				03985A67241F8E8F00BFDC00 /* Info.plist */,
				03985A61241F8E8E00BFDC00 /* Preview Content */,
			);
			path = landmarks;
			sourceTree = "<group>";
		};
		03985A61241F8E8E00BFDC00 /* Preview Content */ = {
			isa = PBXGroup;
			children = (
				03985A62241F8E8E00BFDC00 /* Preview Assets.xcassets */,
			);
			path = "Preview Content";
			sourceTree = "<group>";
		};
/* End PBXGroup section */

/* Begin PBXNativeTarget section */
		03985A55241F8E8E00BFDC00 /* landmarks */ = {
			isa = PBXNativeTarget;
			buildConfigurationList = 03985A6A241F8E8F00BFDC00 /* Build configuration list for PBXNativeTarget "landmarks" */;
			buildPhases = (
				03985A52241F8E8E00BFDC00 /* Sources */,
				03985A53241F8E8E00BFDC00 /* Frameworks */,
				03985A54241F8E8E00BFDC00 /* Resources */,
			);
			buildRules = (
			);
			dependencies = (
			);
			name = landmarks;
			productName = landmarks;
			productReference = 03985A56241F8E8E00BFDC00 /* landmarks.app */;
			productType = "com.apple.product-type.application";
		};
/* End PBXNativeTarget section */

/* Begin PBXProject section */
		03985A4E241F8E8E00BFDC00 /* Project object */ = {
			isa = PBXProject;
			attributes = {
				LastSwiftUpdateCheck = 1130;
				LastUpgradeCheck = 1130;
				ORGANIZATIONNAME = cycu;
				TargetAttributes = {
					03985A55241F8E8E00BFDC00 = {
						CreatedOnToolsVersion = 11.3.1;
					};
				};
			};
			buildConfigurationList = 03985A51241F8E8E00BFDC00 /* Build configuration list for PBXProject "landmarks" */;
			compatibilityVersion = "Xcode 9.3";
			developmentRegion = en;
			hasScannedForEncodings = 0;
			knownRegions = (
				en,
				Base,
			);
			mainGroup = 03985A4D241F8E8E00BFDC00;
			productRefGroup = 03985A57241F8E8E00BFDC00 /* Products */;
			projectDirPath = "";
			projectRoot = "";
			targets = (
				03985A55241F8E8E00BFDC00 /* landmarks */,
			);
		};
/* End PBXProject section */

/* Begin PBXResourcesBuildPhase section */
		03985A54241F8E8E00BFDC00 /* Resources */ = {
			isa = PBXResourcesBuildPhase;
			buildActionMask = 2147483647;
			files = (
				034A4CFE2428CC04008500F1 /* turtlerock.jpg in Resources */,
				03985A66241F8E8F00BFDC00 /* LaunchScreen.storyboard in Resources */,
				034A4CFB2428CC04008500F1 /* rainbowlake.jpg in Resources */,
				034A4CF52428CC04008500F1 /* chilkoottrail.jpg in Resources */,
				034A4CFF2428CC04008500F1 /* twinlake.jpg in Resources */,
				03985A63241F8E8E00BFDC00 /* Preview Assets.xcassets in Resources */,
				03985A60241F8E8E00BFDC00 /* Assets.xcassets in Resources */,
				034A4CF72428CC04008500F1 /* hiddenlake.jpg in Resources */,
				034A4CFD2428CC04008500F1 /* stmarylake.jpg in Resources */,
				034A4D002428CC04008500F1 /* umbagog.jpg in Resources */,
				034A4CF82428CC04008500F1 /* icybay.jpg in Resources */,
				034A4CF92428CC04008500F1 /* lakemcdonald.jpg in Resources */,
				034A4CFC2428CC04008500F1 /* silversalmoncreek.jpg in Resources */,
				034A4CF62428CC04008500F1 /* chincoteague.jpg in Resources */,
				034A4D012428CC04008500F1 /* yukon_charleyrivers.jpg in Resources */,
				034A4CFA2428CC04008500F1 /* landmarkData.json in Resources */,
			);
			runOnlyForDeploymentPostprocessing = 0;
		};
/* End PBXResourcesBuildPhase section */

/* Begin PBXSourcesBuildPhase section */
		03985A52241F8E8E00BFDC00 /* Sources */ = {
			isa = PBXSourcesBuildPhase;
			buildActionMask = 2147483647;
			files = (
				034A4D032428CC04008500F1 /* Landmark.swift in Sources */,
				03985A5A241F8E8E00BFDC00 /* AppDelegate.swift in Sources */,
				034A4D022428CC04008500F1 /* Data.swift in Sources */,
				03985A6E241F995C00BFDC00 /* Circleimage.swift in Sources */,
				034A4D072428D98D008500F1 /* LandmarkList.swift in Sources */,
				03985A72241FA2E400BFDC00 /* MapView.swift in Sources */,
				034A4D052428D135008500F1 /* LankmarkRow.swift in Sources */,
				03985A5C241F8E8E00BFDC00 /* SceneDelegate.swift in Sources */,
				03985A5E241F8E8E00BFDC00 /* LandmarkDetail.swift in Sources */,
			);
			runOnlyForDeploymentPostprocessing = 0;
		};
/* End PBXSourcesBuildPhase section */

/* Begin PBXVariantGroup section */
		03985A64241F8E8E00BFDC00 /* LaunchScreen.storyboard */ = {
			isa = PBXVariantGroup;
			children = (
				03985A65241F8E8E00BFDC00 /* Base */,
			);
			name = LaunchScreen.storyboard;
			sourceTree = "<group>";
		};
/* End PBXVariantGroup section */

/* Begin XCBuildConfiguration section */
		03985A68241F8E8F00BFDC00 /* Debug */ = {
			isa = XCBuildConfiguration;
			buildSettings = {
				ALWAYS_SEARCH_USER_PATHS = NO;
				CLANG_ANALYZER_NONNULL = YES;
				CLANG_ANALYZER_NUMBER_OBJECT_CONVERSION = YES_AGGRESSIVE;
				CLANG_CXX_LANGUAGE_STANDARD = "gnu++14";
				CLANG_CXX_LIBRARY = "libc++";
				CLANG_ENABLE_MODULES = YES;
				CLANG_ENABLE_OBJC_ARC = YES;
				CLANG_ENABLE_OBJC_WEAK = YES;
				CLANG_WARN_BLOCK_CAPTURE_AUTORELEASING = YES;
				CLANG_WARN_BOOL_CONVERSION = YES;
				CLANG_WARN_COMMA = YES;
				CLANG_WARN_CONSTANT_CONVERSION = YES;
				CLANG_WARN_DEPRECATED_OBJC_IMPLEMENTATIONS = YES;
				CLANG_WARN_DIRECT_OBJC_ISA_USAGE = YES_ERROR;
				CLANG_WARN_DOCUMENTATION_COMMENTS = YES;
				CLANG_WARN_EMPTY_BODY = YES;
				CLANG_WARN_ENUM_CONVERSION = YES;
				CLANG_WARN_INFINITE_RECURSION = YES;
				CLANG_WARN_INT_CONVERSION = YES;
				CLANG_WARN_NON_LITERAL_NULL_CONVERSION = YES;
				CLANG_WARN_OBJC_IMPLICIT_RETAIN_SELF = YES;
				CLANG_WARN_OBJC_LITERAL_CONVERSION = YES;
				CLANG_WARN_OBJC_ROOT_CLASS = YES_ERROR;
				CLANG_WARN_RANGE_LOOP_ANALYSIS = YES;
				CLANG_WARN_STRICT_PROTOTYPES = YES;
				CLANG_WARN_SUSPICIOUS_MOVE = YES;
				CLANG_WARN_UNGUARDED_AVAILABILITY = YES_AGGRESSIVE;
				CLANG_WARN_UNREACHABLE_CODE = YES;
				CLANG_WARN__DUPLICATE_METHOD_MATCH = YES;
				COPY_PHASE_STRIP = NO;
				DEBUG_INFORMATION_FORMAT = dwarf;
				ENABLE_STRICT_OBJC_MSGSEND = YES;
				ENABLE_TESTABILITY = YES;
				GCC_C_LANGUAGE_STANDARD = gnu11;
				GCC_DYNAMIC_NO_PIC = NO;
				GCC_NO_COMMON_BLOCKS = YES;
				GCC_OPTIMIZATION_LEVEL = 0;
				GCC_PREPROCESSOR_DEFINITIONS = (
					"DEBUG=1",
					"$(inherited)",
				);
				GCC_WARN_64_TO_32_BIT_CONVERSION = YES;
				GCC_WARN_ABOUT_RETURN_TYPE = YES_ERROR;
				GCC_WARN_UNDECLARED_SELECTOR = YES;
				GCC_WARN_UNINITIALIZED_AUTOS = YES_AGGRESSIVE;
				GCC_WARN_UNUSED_FUNCTION = YES;
				GCC_WARN_UNUSED_VARIABLE = YES;
				IPHONEOS_DEPLOYMENT_TARGET = 13.2;
				MTL_ENABLE_DEBUG_INFO = INCLUDE_SOURCE;
				MTL_FAST_MATH = YES;
				ONLY_ACTIVE_ARCH = YES;
				SDKROOT = iphoneos;
				SWIFT_ACTIVE_COMPILATION_CONDITIONS = DEBUG;
				SWIFT_OPTIMIZATION_LEVEL = "-Onone";
			};
			name = Debug;
		};
		03985A69241F8E8F00BFDC00 /* Release */ = {
			isa = XCBuildConfiguration;
			buildSettings = {
				ALWAYS_SEARCH_USER_PATHS = NO;
				CLANG_ANALYZER_NONNULL = YES;
				CLANG_ANALYZER_NUMBER_OBJECT_CONVERSION = YES_AGGRESSIVE;
				CLANG_CXX_LANGUAGE_STANDARD = "gnu++14";
				CLANG_CXX_LIBRARY = "libc++";
				CLANG_ENABLE_MODULES = YES;
				CLANG_ENABLE_OBJC_ARC = YES;
				CLANG_ENABLE_OBJC_WEAK = YES;
				CLANG_WARN_BLOCK_CAPTURE_AUTORELEASING = YES;
				CLANG_WARN_BOOL_CONVERSION = YES;
				CLANG_WARN_COMMA = YES;
				CLANG_WARN_CONSTANT_CONVERSION = YES;
				CLANG_WARN_DEPRECATED_OBJC_IMPLEMENTATIONS = YES;
				CLANG_WARN_DIRECT_OBJC_ISA_USAGE = YES_ERROR;
				CLANG_WARN_DOCUMENTATION_COMMENTS = YES;
				CLANG_WARN_EMPTY_BODY = YES;
				CLANG_WARN_ENUM_CONVERSION = YES;
				CLANG_WARN_INFINITE_RECURSION = YES;
				CLANG_WARN_INT_CONVERSION = YES;
				CLANG_WARN_NON_LITERAL_NULL_CONVERSION = YES;
				CLANG_WARN_OBJC_IMPLICIT_RETAIN_SELF = YES;
				CLANG_WARN_OBJC_LITERAL_CONVERSION = YES;
				CLANG_WARN_OBJC_ROOT_CLASS = YES_ERROR;
				CLANG_WARN_RANGE_LOOP_ANALYSIS = YES;
				CLANG_WARN_STRICT_PROTOTYPES = YES;
				CLANG_WARN_SUSPICIOUS_MOVE = YES;
				CLANG_WARN_UNGUARDED_AVAILABILITY = YES_AGGRESSIVE;
				CLANG_WARN_UNREACHABLE_CODE = YES;
				CLANG_WARN__DUPLICATE_METHOD_MATCH = YES;
				COPY_PHASE_STRIP = NO;
				DEBUG_INFORMATION_FORMAT = "dwarf-with-dsym";
				ENABLE_NS_ASSERTIONS = NO;
				ENABLE_STRICT_OBJC_MSGSEND = YES;
				GCC_C_LANGUAGE_STANDARD = gnu11;
				GCC_NO_COMMON_BLOCKS = YES;
				GCC_WARN_64_TO_32_BIT_CONVERSION = YES;
				GCC_WARN_ABOUT_RETURN_TYPE = YES_ERROR;
				GCC_WARN_UNDECLARED_SELECTOR = YES;
				GCC_WARN_UNINITIALIZED_AUTOS = YES_AGGRESSIVE;
				GCC_WARN_UNUSED_FUNCTION = YES;
				GCC_WARN_UNUSED_VARIABLE = YES;
				IPHONEOS_DEPLOYMENT_TARGET = 13.2;
				MTL_ENABLE_DEBUG_INFO = NO;
				MTL_FAST_MATH = YES;
				SDKROOT = iphoneos;
				SWIFT_COMPILATION_MODE = wholemodule;
				SWIFT_OPTIMIZATION_LEVEL = "-O";
				VALIDATE_PRODUCT = YES;
			};
			name = Release;
		};
		03985A6B241F8E8F00BFDC00 /* Debug */ = {
			isa = XCBuildConfiguration;
			buildSettings = {
				ASSETCATALOG_COMPILER_APPICON_NAME = AppIcon;
				CODE_SIGN_STYLE = Automatic;
				DEVELOPMENT_ASSET_PATHS = "\"landmarks/Preview Content\"";
				ENABLE_PREVIEWS = YES;
				INFOPLIST_FILE = landmarks/Info.plist;
				LD_RUNPATH_SEARCH_PATHS = (
					"$(inherited)",
					"@executable_path/Frameworks",
				);
				PRODUCT_BUNDLE_IDENTIFIER = tw.edu.cycu.im.10744147.landmarks;
				PRODUCT_NAME = "$(TARGET_NAME)";
				SWIFT_VERSION = 5.0;
				TARGETED_DEVICE_FAMILY = "1,2";
			};
			name = Debug;
		};
		03985A6C241F8E8F00BFDC00 /* Release */ = {
			isa = XCBuildConfiguration;
			buildSettings = {
				ASSETCATALOG_COMPILER_APPICON_NAME = AppIcon;
				CODE_SIGN_STYLE = Automatic;
				DEVELOPMENT_ASSET_PATHS = "\"landmarks/Preview Content\"";
				ENABLE_PREVIEWS = YES;
				INFOPLIST_FILE = landmarks/Info.plist;
				LD_RUNPATH_SEARCH_PATHS = (
					"$(inherited)",
					"@executable_path/Frameworks",
				);
				PRODUCT_BUNDLE_IDENTIFIER = tw.edu.cycu.im.10744147.landmarks;
				PRODUCT_NAME = "$(TARGET_NAME)";
				SWIFT_VERSION = 5.0;
				TARGETED_DEVICE_FAMILY = "1,2";
			};
			name = Release;
		};
/* End XCBuildConfiguration section */

/* Begin XCConfigurationList section */
		03985A51241F8E8E00BFDC00 /* Build configuration list for PBXProject "landmarks" */ = {
			isa = XCConfigurationList;
			buildConfigurations = (
				03985A68241F8E8F00BFDC00 /* Debug */,
				03985A69241F8E8F00BFDC00 /* Release */,
			);
			defaultConfigurationIsVisible = 0;
			defaultConfigurationName = Release;
		};
		03985A6A241F8E8F00BFDC00 /* Build configuration list for PBXNativeTarget "landmarks" */ = {
			isa = XCConfigurationList;
			buildConfigurations = (
				03985A6B241F8E8F00BFDC00 /* Debug */,
				03985A6C241F8E8F00BFDC00 /* Release */,
			);
			defaultConfigurationIsVisible = 0;
			defaultConfigurationName = Release;
		};
/* End XCConfigurationList section */
	};
	rootObject = 03985A4E241F8E8E00BFDC00 /* Project object */;
}
